Microsoft Visual Studio Solution File, Format Version 12.00
# Visual Studio Version 17
VisualStudioVersion = 17.5.2.0
MinimumVisualStudioVersion = 10.0.40219.1
Project("{FAE04EC0-301F-11D3-BF4B-00C04F79EFBC}") = "Jellyfin.Plugin.Announcements", "Jellyfin.Plugin.Announcements.csproj", "{7FDA4B89-4CE6-A118-5733-2A2CC8D502EE}"
EndProject
Global
	GlobalSection(SolutionConfigurationPlatforms) = preSolution
		Debug|Any CPU = Debug|Any CPU
		Release|Any CPU = Release|Any CPU
	EndGlobalSection
	GlobalSection(ProjectConfigurationPlatforms) = postSolution
		{7FDA4B89-4CE6-A118-5733-2A2CC8D502EE}.Debug|Any CPU.ActiveCfg = Debug|Any CPU
		{7FDA4B89-4CE6-A118-5733-2A2CC8D502EE}.Debug|Any CPU.Build.0 = Debug|Any CPU
		{7FDA4B89-4CE6-A118-5733-2A2CC8D502EE}.Release|Any CPU.ActiveCfg = Release|Any CPU
		{7FDA4B89-4CE6-A118-5733-2A2CC8D502EE}.Release|Any CPU.Build.0 = Release|Any CPU
	EndGlobalSection
	GlobalSection(SolutionProperties) = preSolution
		HideSolutionNode = FALSE
	EndGlobalSection
	GlobalSection(ExtensibilityGlobals) = postSolution
		SolutionGuid = {D0294DCB-05E7-47E4-998B-A1D75EDDEE9C}
	EndGlobalSection
EndGlobal
